
Microsoft Visual Studio Solution File, Format Version 12.00
# Visual Studio Version 16
VisualStudioVersion = 16.0.30717.126
MinimumVisualStudioVersion = 10.0.40219.1
Project("{9A19103F-16F7-4668-BE54-9A1E7A4F7556}") = "Pokemon Tester", "Pokemon Tester\Pokemon Tester.csproj", "{03C4E8F8-2D1B-47AC-A723-DBB86FF8E7C3}"
EndProject
Global
	GlobalSection(SolutionConfigurationPlatforms) = preSolution
		Debug|Any CPU = Debug|Any CPU
		Release|Any CPU = Release|Any CPU
	EndGlobalSection
	GlobalSection(ProjectConfigurationPlatforms) = postSolution
		{03C4E8F8-2D1B-47AC-A723-DBB86FF8E7C3}.Debug|Any CPU.ActiveCfg = Debug|Any CPU
		{03C4E8F8-2D1B-47AC-A723-DBB86FF8E7C3}.Debug|Any CPU.Build.0 = Debug|Any CPU
		{03C4E8F8-2D1B-47AC-A723-DBB86FF8E7C3}.Release|Any CPU.ActiveCfg = Release|Any CPU
		{03C4E8F8-2D1B-47AC-A723-DBB86FF8E7C3}.Release|Any CPU.Build.0 = Release|Any CPU
	EndGlobalSection
	GlobalSection(SolutionProperties) = preSolution
		HideSolutionNode = FALSE
	EndGlobalSection
	GlobalSection(ExtensibilityGlobals) = postSolution
		SolutionGuid = {1E9CB362-032D-4C48-8A0A-02E161B25176}
	EndGlobalSection
EndGlobal
